
Microsoft Visual Studio Solution File, Format Version 12.00
# Visual Studio Version 16
VisualStudioVersion = 16.0.30907.101
MinimumVisualStudioVersion = 10.0.40219.1
Project("{FAE04EC0-301F-11D3-BF4B-00C04F79EFBC}") = "lab7.6", "lab7.6.csproj", "{8F0D0218-5446-477F-9FED-FBD41366127D}"
EndProject
Global
	GlobalSection(SolutionConfigurationPlatforms) = preSolution
		Debug|Any CPU = Debug|Any CPU
		Release|Any CPU = Release|Any CPU
	EndGlobalSection
	GlobalSection(ProjectConfigurationPlatforms) = postSolution
		{8F0D0218-5446-477F-9FED-FBD41366127D}.Debug|Any CPU.ActiveCfg = Debug|Any CPU
		{8F0D0218-5446-477F-9FED-FBD41366127D}.Debug|Any CPU.Build.0 = Debug|Any CPU
		{8F0D0218-5446-477F-9FED-FBD41366127D}.Release|Any CPU.ActiveCfg = Release|Any CPU
		{8F0D0218-5446-477F-9FED-FBD41366127D}.Release|Any CPU.Build.0 = Release|Any CPU
	EndGlobalSection
	GlobalSection(SolutionProperties) = preSolution
		HideSolutionNode = FALSE
	EndGlobalSection
	GlobalSection(ExtensibilityGlobals) = postSolution
		SolutionGuid = {53E4448F-40D2-441F-8A77-0CAF557C635B}
	EndGlobalSection
EndGlobal
