
Microsoft Visual Studio Solution File, Format Version 12.00
# Visual Studio Version 16
VisualStudioVersion = 16.0.30907.101
MinimumVisualStudioVersion = 10.0.40219.1
Project("{FAE04EC0-301F-11D3-BF4B-00C04F79EFBC}") = "lab9.2", "lab9.2.csproj", "{D2697C5C-3F56-4A53-B359-0C1F421ECAFF}"
EndProject
Global
	GlobalSection(SolutionConfigurationPlatforms) = preSolution
		Debug|Any CPU = Debug|Any CPU
		Release|Any CPU = Release|Any CPU
	EndGlobalSection
	GlobalSection(ProjectConfigurationPlatforms) = postSolution
		{D2697C5C-3F56-4A53-B359-0C1F421ECAFF}.Debug|Any CPU.ActiveCfg = Debug|Any CPU
		{D2697C5C-3F56-4A53-B359-0C1F421ECAFF}.Debug|Any CPU.Build.0 = Debug|Any CPU
		{D2697C5C-3F56-4A53-B359-0C1F421ECAFF}.Release|Any CPU.ActiveCfg = Release|Any CPU
		{D2697C5C-3F56-4A53-B359-0C1F421ECAFF}.Release|Any CPU.Build.0 = Release|Any CPU
	EndGlobalSection
	GlobalSection(SolutionProperties) = preSolution
		HideSolutionNode = FALSE
	EndGlobalSection
	GlobalSection(ExtensibilityGlobals) = postSolution
		SolutionGuid = {DF888A36-7644-4B75-9E66-28D8E678A27F}
	EndGlobalSection
EndGlobal
