
Microsoft Visual Studio Solution File, Format Version 12.00
# Visual Studio Version 16
VisualStudioVersion = 16.0.30907.101
MinimumVisualStudioVersion = 10.0.40219.1
Project("{FAE04EC0-301F-11D3-BF4B-00C04F79EFBC}") = "lab8.1", "lab8.1.csproj", "{C1E084E0-178D-4C60-9F59-84B7440924D3}"
EndProject
Global
	GlobalSection(SolutionConfigurationPlatforms) = preSolution
		Debug|Any CPU = Debug|Any CPU
		Release|Any CPU = Release|Any CPU
	EndGlobalSection
	GlobalSection(ProjectConfigurationPlatforms) = postSolution
		{C1E084E0-178D-4C60-9F59-84B7440924D3}.Debug|Any CPU.ActiveCfg = Debug|Any CPU
		{C1E084E0-178D-4C60-9F59-84B7440924D3}.Debug|Any CPU.Build.0 = Debug|Any CPU
		{C1E084E0-178D-4C60-9F59-84B7440924D3}.Release|Any CPU.ActiveCfg = Release|Any CPU
		{C1E084E0-178D-4C60-9F59-84B7440924D3}.Release|Any CPU.Build.0 = Release|Any CPU
	EndGlobalSection
	GlobalSection(SolutionProperties) = preSolution
		HideSolutionNode = FALSE
	EndGlobalSection
	GlobalSection(ExtensibilityGlobals) = postSolution
		SolutionGuid = {8E3DAFA1-4379-428B-987A-CB4F69D6904B}
	EndGlobalSection
EndGlobal
