
Microsoft Visual Studio Solution File, Format Version 12.00
# Visual Studio Version 16
VisualStudioVersion = 16.0.30907.101
MinimumVisualStudioVersion = 10.0.40219.1
Project("{FAE04EC0-301F-11D3-BF4B-00C04F79EFBC}") = "lab5.1", "lab5.1.csproj", "{797DE5EB-ED2A-4207-B380-FDBFFE569BD6}"
EndProject
Global
	GlobalSection(SolutionConfigurationPlatforms) = preSolution
		Debug|Any CPU = Debug|Any CPU
		Release|Any CPU = Release|Any CPU
	EndGlobalSection
	GlobalSection(ProjectConfigurationPlatforms) = postSolution
		{797DE5EB-ED2A-4207-B380-FDBFFE569BD6}.Debug|Any CPU.ActiveCfg = Debug|Any CPU
		{797DE5EB-ED2A-4207-B380-FDBFFE569BD6}.Debug|Any CPU.Build.0 = Debug|Any CPU
		{797DE5EB-ED2A-4207-B380-FDBFFE569BD6}.Release|Any CPU.ActiveCfg = Release|Any CPU
		{797DE5EB-ED2A-4207-B380-FDBFFE569BD6}.Release|Any CPU.Build.0 = Release|Any CPU
	EndGlobalSection
	GlobalSection(SolutionProperties) = preSolution
		HideSolutionNode = FALSE
	EndGlobalSection
	GlobalSection(ExtensibilityGlobals) = postSolution
		SolutionGuid = {E3C1E941-4BE0-47E7-8F00-BDBEAE8E6C8C}
	EndGlobalSection
EndGlobal
