
Microsoft Visual Studio Solution File, Format Version 12.00
# Visual Studio Version 16
VisualStudioVersion = 16.0.30907.101
MinimumVisualStudioVersion = 10.0.40219.1
Project("{FAE04EC0-301F-11D3-BF4B-00C04F79EFBC}") = "lab12.1", "lab12.1.csproj", "{7187A6FC-45CA-47A1-B4F0-50742FB30A6A}"
EndProject
Global
	GlobalSection(SolutionConfigurationPlatforms) = preSolution
		Debug|Any CPU = Debug|Any CPU
		Release|Any CPU = Release|Any CPU
	EndGlobalSection
	GlobalSection(ProjectConfigurationPlatforms) = postSolution
		{7187A6FC-45CA-47A1-B4F0-50742FB30A6A}.Debug|Any CPU.ActiveCfg = Debug|Any CPU
		{7187A6FC-45CA-47A1-B4F0-50742FB30A6A}.Debug|Any CPU.Build.0 = Debug|Any CPU
		{7187A6FC-45CA-47A1-B4F0-50742FB30A6A}.Release|Any CPU.ActiveCfg = Release|Any CPU
		{7187A6FC-45CA-47A1-B4F0-50742FB30A6A}.Release|Any CPU.Build.0 = Release|Any CPU
	EndGlobalSection
	GlobalSection(SolutionProperties) = preSolution
		HideSolutionNode = FALSE
	EndGlobalSection
	GlobalSection(ExtensibilityGlobals) = postSolution
		SolutionGuid = {E0134969-23ED-4599-B6FC-8D34DBD90013}
	EndGlobalSection
EndGlobal
